{
  "name": "kzrb2sheet",
  "version": "1.0.0",
  "lockfileVersion": 1,
  "requires": true,
  "dependencies": {
    "@types/google-apps-script": {
      "version": "0.0.45",
      "resolved": "https://registry.npmjs.org/@types/google-apps-script/-/google-apps-script-0.0.45.tgz",
      "integrity": "sha512-Mgi8QFyEyTMtFAERZbC42hsHe6ZNQody6Q+CmSPsOsT0Z4yUWxY0F8tDwj5C4I/zZIBgF4rf8nTylNxtED1nUA=="
    }
  }
}
